PODS:
  - AFNetworking (3.2.0):
    - AFNetworking/NSURLSession (= 3.2.0)
    - AFNetworking/Reachability (= 3.2.0)
    - AFNetworking/Security (= 3.2.0)
    - AFNetworking/Serialization (= 3.2.0)
    - AFNetworking/UIKit (= 3.2.0)
  - AFNetworking/NSURLSession (3.2.0):
    - AFNetworking/Reachability
    - AFNetworking/Security
    - AFNetworking/Serialization
  - AFNetworking/Reachability (3.2.0)
  - AFNetworking/Security (3.2.0)
  - AFNetworking/Serialization (3.2.0)
  - AFNetworking/UIKit (3.2.0):
    - AFNetworking/NSURLSession
  - AliyunOSSiOS (2.6.5)
  - Bugtags (3.0.1):
    - Bugtags/Core (= 3.0.1)
  - Bugtags/Core (3.0.1)
  - CoreBitcoin (0.6.8.1):
    - ISO8601DateFormatter
    - OpenSSL-Universal (= 1.0.1.16)
  - DZNEmptyDataSet (1.8.1)
  - FMDB/SQLCipher (2.7.2):
    - SQLCipher
  - Geth (1.8.4-unstable.12982)
  - GoogleMaps (2.6.0):
    - GoogleMaps/Maps (= 2.6.0)
  - GoogleMaps/Base (2.6.0)
  - GoogleMaps/Maps (2.6.0):
    - GoogleMaps/Base
  - GooglePlacePicker (2.6.0):
    - GoogleMaps (= 2.6.0)
    - GooglePlaces (= 2.6.0)
  - GooglePlaces (2.6.0):
    - GoogleMaps/Base (= 2.6.0)
  - GPUImage (0.1.7)
  - IQKeyboardManager (5.0.8)
  - ISO8601DateFormatter (0.8)
  - JCore (1.1.7)
  - JPush (3.0.8):
    - JCore (~> 1.1.7)
  - JSONModel (1.7.0)
  - Mantle (2.0.7):
    - Mantle/extobjc (= 2.0.7)
  - Mantle/extobjc (2.0.7)
  - Masonry (1.1.0)
  - MBProgressHUD (0.9.2)
  - MJExtension (3.0.13)
  - MJRefresh (3.1.15.3)
  - NJKWebViewProgress (0.2.3):
    - NJKWebViewProgress/Core (= 0.2.3)
    - NJKWebViewProgress/ProgressView (= 0.2.3)
  - NJKWebViewProgress/Core (0.2.3)
  - NJKWebViewProgress/ProgressView (0.2.3)
  - OpenSSL-for-iOS (1.0.2.d.1)
  - OpenSSL-Universal (1.0.1.16)
  - ReactiveCocoa (2.5.2):
    - ReactiveCocoa/UI (= 2.5.2)
  - ReactiveCocoa/Core (2.5.2):
    - ReactiveCocoa/no-arc
  - ReactiveCocoa/no-arc (2.5.2)
  - ReactiveCocoa/UI (2.5.2):
    - ReactiveCocoa/Core
  - RongCloudIM/IMLib (2.8.29)
  - SafeKit (1.4.1):
    - SafeKit/Foundation (= 1.4.1)
    - SafeKit/MRC (= 1.4.1)
    - SafeKit/SafeCore (= 1.4.1)
  - SafeKit/Foundation (1.4.1):
    - SafeKit/SafeCore
  - SafeKit/MRC (1.4.1):
    - SafeKit/SafeCore
  - SafeKit/SafeCore (1.4.1)
  - SDWebImage (4.0.0):
    - SDWebImage/Core (= 4.0.0)
  - SDWebImage/Core (4.0.0)
  - SQLCipher (3.4.2):
    - SQLCipher/standard (= 3.4.2)
  - SQLCipher/common (3.4.2)
  - SQLCipher/standard (3.4.2):
    - SQLCipher/common
  - SSZipArchive (2.1.1)
  - TZImagePickerController (2.0.1)
  - UMCAnalytics (5.4.1):
    - UMCCommon
  - UMCCommon (1.4.3)
  - UMCShare/Core (6.8.2):
    - UMCCommon
  - UMCShare/Social/Facebook (6.8.2):
    - UMCCommon
    - UMCShare/Core
  - UMCShare/Social/Instagram (6.8.2):
    - UMCCommon
    - UMCShare/Core
  - UMCShare/Social/ReducedQQ (6.8.2):
    - UMCCommon
    - UMCShare/Core
  - UMCShare/Social/ReducedSina (6.8.2):
    - UMCCommon
    - UMCShare/Core
  - UMCShare/Social/ReducedWeChat (6.8.2):
    - UMCCommon
    - UMCShare/Core
  - UMCShare/Social/Twitter (6.8.2):
    - UMCCommon
    - UMCShare/Core
  - UMCShare/UI (6.8.2):
    - UMCCommon
    - UMCShare/Core
  - YYCache (1.0.4)
  - YYImage (1.0.4):
    - YYImage/Core (= 1.0.4)
  - YYImage/Core (1.0.4)
  - YYImage/WebP (1.0.4):
    - YYImage/Core
  - YYText (1.0.7)
  - YYWebImage (1.0.5):
    - YYCache
    - YYImage
  - ZDISO8601DateFormatter (0.1.0)

DEPENDENCIES:
  - AFNetworking
  - AliyunOSSiOS (~> 2.6.0)
  - Bugtags
  - CoreBitcoin (~> 0.6.8.1)
  - DZNEmptyDataSet (~> 1.8.1)
  - FMDB/SQLCipher
  - Geth (~> 1.8.4-unstable.12982)
  - GoogleMaps (~> 2.6.0)
  - GooglePlacePicker (~> 2.6.0)
  - GooglePlaces (~> 2.6.0)
  - GPUImage
  - IQKeyboardManager (~> 5.0.8)
  - JPush
  - JSONModel (~> 1.7.0)
  - Mantle (~> 2.0.6)
  - Masonry
  - MBProgressHUD (~> 0.9.2)
  - MJExtension
  - MJRefresh
  - NJKWebViewProgress
  - OpenSSL-for-iOS (~> 1.0.2.d.1)
  - ReactiveCocoa (from `https://github.com/zhao0/ReactiveCocoa.git`, tag `2.5.2`)
  - RongCloudIM/IMLib (~> 2.8.21)
  - SafeKit
  - SDWebImage (~> 4.0.0)
  - SSZipArchive
  - TZImagePickerController
  - UMCAnalytics
  - UMCShare/Social/Facebook
  - UMCShare/Social/Instagram
  - UMCShare/Social/ReducedQQ
  - UMCShare/Social/ReducedSina
  - UMCShare/Social/ReducedWeChat
  - UMCShare/Social/Twitter
  - UMCShare/UI
  - YYCache (~> 1.0.4)
  - YYImage
  - YYImage/WebP
  - YYText
  - YYWebImage
  - ZDISO8601DateFormatter (~> 0.1.0)

SPEC REPOS:
  https://github.com/CocoaPods/Specs.git:
    - AFNetworking
    - AliyunOSSiOS
    - Bugtags
    - CoreBitcoin
    - DZNEmptyDataSet
    - FMDB
    - Geth
    - GoogleMaps
    - GooglePlacePicker
    - GooglePlaces
    - GPUImage
    - IQKeyboardManager
    - ISO8601DateFormatter
    - JCore
    - JPush
    - JSONModel
    - Mantle
    - Masonry
    - MBProgressHUD
    - MJExtension
    - MJRefresh
    - NJKWebViewProgress
    - OpenSSL-for-iOS
    - OpenSSL-Universal
    - RongCloudIM
    - SafeKit
    - SDWebImage
    - SQLCipher
    - SSZipArchive
    - TZImagePickerController
    - UMCAnalytics
    - UMCCommon
    - UMCShare
    - YYCache
    - YYImage
    - YYText
    - YYWebImage
    - ZDISO8601DateFormatter

EXTERNAL SOURCES:
  ReactiveCocoa:
    :git: https://github.com/zhao0/ReactiveCocoa.git
    :tag: 2.5.2

CHECKOUT OPTIONS:
  ReactiveCocoa:
    :git: https://github.com/zhao0/ReactiveCocoa.git
    :tag: 2.5.2

SPEC CHECKSUMS:
  AFNetworking: 8ac6017b94ea105479f7776e5288e48ae9c59bb4
  AliyunOSSiOS: 6d7f1f6aae0176095d147a88d60b23bbef93e0b7
  Bugtags: 3115fa971bc3901828bb204c62cd1523173dbc97
  CoreBitcoin: 4ac6f6a61e543f08399c2fe57496d4fdcbaf74f9
  DZNEmptyDataSet: 9525833b9e68ac21c30253e1d3d7076cc828eaa7
  FMDB: 6198a90e7b6900cfc046e6bc0ef6ebb7be9236aa
  Geth: e49df46bf2edaf6daabecc10291e74263f049396
  GoogleMaps: 42f91c68b7fa2f84d5c86597b18ceb99f5414c7f
  GooglePlacePicker: e4488625effb006f59de49e14b7a603e463e4261
  GooglePlaces: f6ddf33b75cef69e888907d9947c57198ed845f3
  GPUImage: 733a5f0fab92df9de1c37ba9df520a833ccb406d
  IQKeyboardManager: 266cb7b1d11f94a3e71229d77f960f9a1b538e5b
  ISO8601DateFormatter: 4551b6ce4f83185425f583b0b3feb3c7b59b942c
  JCore: f7459c81c135281a874a6beafdd321666adcc834
  JPush: 9574d072cc37e93fa293ba69b43ce763c440943a
  JSONModel: 840bc0fcffb24b8454d2c026bf26fea454b8e98d
  Mantle: bc40bb061d8c2c6fb48d5083e04d928c3b7f73d9
  Masonry: 678fab65091a9290e40e2832a55e7ab731aad201
  MBProgressHUD: 1569cf7ace17a8bac47aabfbb8580a49690386d1
  MJExtension: 5932755f451458eefa24239358817f8d291240c7
  MJRefresh: b48380ae2b927b46c4ef000de9adb8dc748e1df7
  NJKWebViewProgress: f481fd424cb5ecc27eacae11b5397db92fba9a4d
  OpenSSL-for-iOS: d7a30add88a1969b052135adbe48452af231ed32
  OpenSSL-Universal: 85ef63bf81d0741b03c8719cd29685c37c59518d
  ReactiveCocoa: 3ff25b1bd992ac79c5c79b26b6c0c1713b715bb2
  RongCloudIM: 20efc36e9b85bdc3a5c09726611fd5e74b703217
  SafeKit: 7d20e4b2680498cda979913bedee5f993f60de96
  SDWebImage: 76a6348bdc74eb5a55dd08a091ef298e56b55e41
  SQLCipher: f9fcf29b2e59ced7defc2a2bdd0ebe79b40d4990
  SSZipArchive: 14401ade5f8e82aba1ff03e9f88e9de60937ae60
  TZImagePickerController: 34ecb53af8c349964394407e42b6e54e22589ebe
  UMCAnalytics: 44e0bb2f442b7aaf97d1c924b58798b612f2c13d
  UMCCommon: ac0bc01a46a5640bbd58646448f455b4c5404bf0
  UMCShare: ab74e3c818cd305846609b15b0daf36872213c28
  YYCache: 8105b6638f5e849296c71f331ff83891a4942952
  YYImage: 1e1b62a9997399593e4b9c4ecfbbabbf1d3f3b54
  YYText: 5c461d709e24d55a182d1441c41dc639a18a4849
  YYWebImage: 5f7f36aee2ae293f016d418c7d6ba05c4863e928
  ZDISO8601DateFormatter: 1732380a3bce503fc25078651ce7c9fa291b9131

PODFILE CHECKSUM: f3b0e40baa44f7c714de87b36c2fa2e84137ff83

COCOAPODS: 1.5.0.beta.1
