// !$*UTF8*$!
{
	archiveVersion = 1;
	classes = {
	};
	objectVersion = 48;
	objects = {

/* Begin PBXBuildFile section */
		431438AB209432D50059D373 /* LaunchScreen.strings in Resources */ = {isa = PBXBuildFile; fileRef = 431438A9209432D50059D373 /* LaunchScreen.strings */; };
		431438AF209432E30059D373 /* LaunchScreen.storyboard in Resources */ = {isa = PBXBuildFile; fileRef = 431438AD209432E30059D373 /* LaunchScreen.storyboard */; };
		43143924209497E80059D373 /* README.md in Resources */ = {isa = PBXBuildFile; fileRef = 4314391F209497E70059D373 /* README.md */; };
		43143925209497E80059D373 /* TODO.md in Resources */ = {isa = PBXBuildFile; fileRef = 43143920209497E70059D373 /* TODO.md */; };
		43143926209497E80059D373 /* .gitignore in Resources */ = {isa = PBXBuildFile; fileRef = 43143921209497E80059D373 /* .gitignore */; };
		43143927209497E80059D373 /* UNLICENSE in Resources */ = {isa = PBXBuildFile; fileRef = 43143922209497E80059D373 /* UNLICENSE */; };
		43143928209497E80059D373 /* Cartfile in Resources */ = {isa = PBXBuildFile; fileRef = 43143923209497E80059D373 /* Cartfile */; };
		43968A6A20AC398C00149DCC /* NSObject+Safe.m in Sources */ = {isa = PBXBuildFile; fileRef = 43968A6920AC398C00149DCC /* NSObject+Safe.m */; };
		43D24A912094A43600C59AC8 /* AppDelegate+ShowRegisterService.m in Sources */ = {isa = PBXBuildFile; fileRef = 43D24A8D2094A43600C59AC8 /* AppDelegate+ShowRegisterService.m */; };
		43D24A922094A43600C59AC8 /* ShowAppDelegate.m in Sources */ = {isa = PBXBuildFile; fileRef = 43D24A8F2094A43600C59AC8 /* ShowAppDelegate.m */; };
		43D24A952094B4C500C59AC8 /* ShowNavigationBar.m in Sources */ = {isa = PBXBuildFile; fileRef = 43D24A942094B4C500C59AC8 /* ShowNavigationBar.m */; };
		72058ACB20B5E17800458C2F /* ShowSettingViewController.m in Sources */ = {isa = PBXBuildFile; fileRef = 72058ACA20B5E17700458C2F /* ShowSettingViewController.m */; };
		720C304A20A35ACD00207500 /* SLGetWithdrawAddressAction.m in Sources */ = {isa = PBXBuildFile; fileRef = 720C304920A35ACC00207500 /* SLGetWithdrawAddressAction.m */; };
		720F860420B2F59500AD0C54 /* SLFollowUserAction.m in Sources */ = {isa = PBXBuildFile; fileRef = 720F85F620B2F59400AD0C54 /* SLFollowUserAction.m */; };
		720F860520B2F59500AD0C54 /* SLConfigAction.m in Sources */ = {isa = PBXBuildFile; fileRef = 720F85FA20B2F59400AD0C54 /* SLConfigAction.m */; };
		720F860620B2F59500AD0C54 /* SLMeConcernListAction.m in Sources */ = {isa = PBXBuildFile; fileRef = 720F85FB20B2F59400AD0C54 /* SLMeConcernListAction.m */; };
		720F860720B2F59500AD0C54 /* SLChatStatisticsAction.m in Sources */ = {isa = PBXBuildFile; fileRef = 720F85FE20B2F59500AD0C54 /* SLChatStatisticsAction.m */; };
		720F860820B2F59500AD0C54 /* SLMeFansListAction.m in Sources */ = {isa = PBXBuildFile; fileRef = 720F860020B2F59500AD0C54 /* SLMeFansListAction.m */; };
		720F860920B2F59500AD0C54 /* SLGetRyTokenAction.m in Sources */ = {isa = PBXBuildFile; fileRef = 720F860120B2F59500AD0C54 /* SLGetRyTokenAction.m */; };
		720F860A20B2F59500AD0C54 /* SLRelationAction.m in Sources */ = {isa = PBXBuildFile; fileRef = 720F860220B2F59500AD0C54 /* SLRelationAction.m */; };
		720F861020B45EBB00AD0C54 /* SLUserInfoViewController.m in Sources */ = {isa = PBXBuildFile; fileRef = 720F860E20B45EBB00AD0C54 /* SLUserInfoViewController.m */; };
		725B98BD20AC837D00747F7A /* UserCenterViewController.m in Sources */ = {isa = PBXBuildFile; fileRef = 725B98BC20AC837C00747F7A /* UserCenterViewController.m */; };
		72C6166A20A0C67500103C44 /* SLUrgeListAction.m in Sources */ = {isa = PBXBuildFile; fileRef = 72C6166820A0C67500103C44 /* SLUrgeListAction.m */; };
		72F17B6A20AB18F60039E916 /* ShowForgetPwdAction.m in Sources */ = {isa = PBXBuildFile; fileRef = 72F17B6820AB18F60039E916 /* ShowForgetPwdAction.m */; };
		72F17B6B20AB18F60039E916 /* ShowVerifycodeAction.m in Sources */ = {isa = PBXBuildFile; fileRef = 72F17B6920AB18F60039E916 /* ShowVerifycodeAction.m */; };
		72FE9B6620621F59008DD3D5 /* LaunchScreen.storyboard in Resources */ = {isa = PBXBuildFile; fileRef = 72FE9B6420621F59008DD3D5 /* LaunchScreen.storyboard */; };
		72FE9B6920621F59008DD3D5 /* main.m in Sources */ = {isa = PBXBuildFile; fileRef = 72FE9B6820621F59008DD3D5 /* main.m */; };
		72FE9B7320621F59008DD3D5 /* ShowLiveTests.m in Sources */ = {isa = PBXBuildFile; fileRef = 72FE9B7220621F59008DD3D5 /* ShowLiveTests.m */; };
		72FE9B7E20621F59008DD3D5 /* ShowLiveUITests.m in Sources */ = {isa = PBXBuildFile; fileRef = 72FE9B7D20621F59008DD3D5 /* ShowLiveUITests.m */; };
		931DAAC720B571D2003A0B38 /* SLGiftAction.m in Sources */ = {isa = PBXBuildFile; fileRef = 931DAAC620B571D2003A0B38 /* SLGiftAction.m */; };
		93595A8920B9E436005056CB /* SLVMFriendList.m in Sources */ = {isa = PBXBuildFile; fileRef = 93595A8820B9E436005056CB /* SLVMFriendList.m */; };
		938D2FFF20A0C822006A0CDE /* ShowAction.m in Sources */ = {isa = PBXBuildFile; fileRef = 938D2FFE20A0C822006A0CDE /* ShowAction.m */; };
		938D302220A35B0A006A0CDE /* ShowReqAction.m in Sources */ = {isa = PBXBuildFile; fileRef = 938D302120A35B0A006A0CDE /* ShowReqAction.m */; };
/* End PBXBuildFile section */

/* Begin PBXContainerItemProxy section */
		72FE9B6F20621F59008DD3D5 /* PBXContainerItemProxy */ = {
			isa = PBXContainerItemProxy;
			containerPortal = 72FE9B4E20621F59008DD3D5 /* Project object */;
			proxyType = 1;
			remoteGlobalIDString = 72FE9B5520621F59008DD3D5;
			remoteInfo = ShowLive;
		};
		72FE9B7A20621F59008DD3D5 /* PBXContainerItemProxy */ = {
			isa = PBXContainerItemProxy;
			containerPortal = 72FE9B4E20621F59008DD3D5 /* Project object */;
			proxyType = 1;
			remoteGlobalIDString = 72FE9B5520621F59008DD3D5;
			remoteInfo = ShowLive;
		};
/* End PBXContainerItemProxy section */

/* Begin PBXFileReference section */
		43143749209432BE0059D373 /* ShowWallet.h */ = {isa = PBXFileReference; fileEncoding = 4; lastKnownFileType = sourcecode.c.h; path = ShowWallet.h; sourceTree = "<group>"; };
		431438AA209432D50059D373 /* zh-Hans */ = {isa = PBXFileReference; lastKnownFileType = text.plist.strings; name = "zh-Hans"; path = LaunchScreen.strings; sourceTree = "<group>"; };
		431438AE209432E30059D373 /* Base */ = {isa = PBXFileReference; lastKnownFileType = file.storyboard; name = Base; path = LaunchScreen.storyboard; sourceTree = "<group>"; };
		4314391F209497E70059D373 /* README.md */ = {isa = PBXFileReference; fileEncoding = 4; lastKnownFileType = net.daringfireball.markdown; path = README.md; sourceTree = "<group>"; };
		43143920209497E70059D373 /* TODO.md */ = {isa = PBXFileReference; fileEncoding = 4; lastKnownFileType = net.daringfireball.markdown; path = TODO.md; sourceTree = "<group>"; };
		43143921209497E80059D373 /* .gitignore */ = {isa = PBXFileReference; fileEncoding = 4; lastKnownFileType = text; path = .gitignore; sourceTree = "<group>"; };
		43143922209497E80059D373 /* UNLICENSE */ = {isa = PBXFileReference; fileEncoding = 4; lastKnownFileType = text; path = UNLICENSE; sourceTree = "<group>"; };
		43143923209497E80059D373 /* Cartfile */ = {isa = PBXFileReference; fileEncoding = 4; lastKnownFileType = text; path = Cartfile; sourceTree = "<group>"; };
		437864562075FD1E00146B97 /* zh-Hans */ = {isa = PBXFileReference; lastKnownFileType = text.plist.strings; name = "zh-Hans"; path = "zh-Hans.lproj/LaunchScreen.strings"; sourceTree = "<group>"; };
		43968A6820AC398B00149DCC /* NSObject+Safe.h */ = {isa = PBXFileReference; fileEncoding = 4; lastKnownFileType = sourcecode.c.h; path = "NSObject+Safe.h"; sourceTree = "<group>"; };
		43968A6920AC398C00149DCC /* NSObject+Safe.m */ = {isa = PBXFileReference; fileEncoding = 4; lastKnownFileType = sourcecode.c.objc; path = "NSObject+Safe.m"; sourceTree = "<group>"; };
		43D24A8D2094A43600C59AC8 /* AppDelegate+ShowRegisterService.m */ = {isa = PBXFileReference; fileEncoding = 4; lastKnownFileType = sourcecode.c.objc; path = "AppDelegate+ShowRegisterService.m"; sourceTree = "<group>"; };
		43D24A8E2094A43600C59AC8 /* ShowAppDelegate.h */ = {isa = PBXFileReference; fileEncoding = 4; lastKnownFileType = sourcecode.c.h; path = ShowAppDelegate.h; sourceTree = "<group>"; };
		43D24A8F2094A43600C59AC8 /* ShowAppDelegate.m */ = {isa = PBXFileReference; fileEncoding = 4; lastKnownFileType = sourcecode.c.objc; path = ShowAppDelegate.m; sourceTree = "<group>"; };
		43D24A902094A43600C59AC8 /* AppDelegate+ShowRegisterService.h */ = {isa = PBXFileReference; fileEncoding = 4; lastKnownFileType = sourcecode.c.h; path = "AppDelegate+ShowRegisterService.h"; sourceTree = "<group>"; };
		43D24A932094B4C500C59AC8 /* ShowNavigationBar.h */ = {isa = PBXFileReference; fileEncoding = 4; lastKnownFileType = sourcecode.c.h; path = ShowNavigationBar.h; sourceTree = "<group>"; };
		43D24A942094B4C500C59AC8 /* ShowNavigationBar.m */ = {isa = PBXFileReference; fileEncoding = 4; lastKnownFileType = sourcecode.c.objc; path = ShowNavigationBar.m; sourceTree = "<group>"; };
		72058AC920B5E17700458C2F /* ShowSettingViewController.h */ = {isa = PBXFileReference; fileEncoding = 4; lastKnownFileType = sourcecode.c.h; path = ShowSettingViewController.h; sourceTree = "<group>"; };
		72058ACA20B5E17700458C2F /* ShowSettingViewController.m */ = {isa = PBXFileReference; fileEncoding = 4; lastKnownFileType = sourcecode.c.objc; path = ShowSettingViewController.m; sourceTree = "<group>"; };
		720C304820A35ACC00207500 /* SLGetWithdrawAddressAction.h */ = {isa = PBXFileReference; fileEncoding = 4; lastKnownFileType = sourcecode.c.h; path = SLGetWithdrawAddressAction.h; sourceTree = "<group>"; };
		720C304920A35ACC00207500 /* SLGetWithdrawAddressAction.m */ = {isa = PBXFileReference; fileEncoding = 4; lastKnownFileType = sourcecode.c.objc; path = SLGetWithdrawAddressAction.m; sourceTree = "<group>"; };
		720F85F620B2F59400AD0C54 /* SLFollowUserAction.m */ = {isa = PBXFileReference; fileEncoding = 4; lastKnownFileType = sourcecode.c.objc; path = SLFollowUserAction.m; sourceTree = "<group>"; };
		720F85F720B2F59400AD0C54 /* SLChatStatisticsAction.h */ = {isa = PBXFileReference; fileEncoding = 4; lastKnownFileType = sourcecode.c.h; path = SLChatStatisticsAction.h; sourceTree = "<group>"; };
		720F85F820B2F59400AD0C54 /* SLConfigAction.h */ = {isa = PBXFileReference; fileEncoding = 4; lastKnownFileType = sourcecode.c.h; path = SLConfigAction.h; sourceTree = "<group>"; };
		720F85F920B2F59400AD0C54 /* SLMeConcernListAction.h */ = {isa = PBXFileReference; fileEncoding = 4; lastKnownFileType = sourcecode.c.h; path = SLMeConcernListAction.h; sourceTree = "<group>"; };
		720F85FA20B2F59400AD0C54 /* SLConfigAction.m */ = {isa = PBXFileReference; fileEncoding = 4; lastKnownFileType = sourcecode.c.objc; path = SLConfigAction.m; sourceTree = "<group>"; };
		720F85FB20B2F59400AD0C54 /* SLMeConcernListAction.m */ = {isa = PBXFileReference; fileEncoding = 4; lastKnownFileType = sourcecode.c.objc; path = SLMeConcernListAction.m; sourceTree = "<group>"; };
		720F85FC20B2F59400AD0C54 /* SLRelationAction.h */ = {isa = PBXFileReference; fileEncoding = 4; lastKnownFileType = sourcecode.c.h; path = SLRelationAction.h; sourceTree = "<group>"; };
		720F85FD20B2F59500AD0C54 /* SLFollowUserAction.h */ = {isa = PBXFileReference; fileEncoding = 4; lastKnownFileType = sourcecode.c.h; path = SLFollowUserAction.h; sourceTree = "<group>"; };
		720F85FE20B2F59500AD0C54 /* SLChatStatisticsAction.m */ = {isa = PBXFileReference; fileEncoding = 4; lastKnownFileType = sourcecode.c.objc; path = SLChatStatisticsAction.m; sourceTree = "<group>"; };
		720F85FF20B2F59500AD0C54 /* SLMeFansListAction.h */ = {isa = PBXFileReference; fileEncoding = 4; lastKnownFileType = sourcecode.c.h; path = SLMeFansListAction.h; sourceTree = "<group>"; };
		720F860020B2F59500AD0C54 /* SLMeFansListAction.m */ = {isa = PBXFileReference; fileEncoding = 4; lastKnownFileType = sourcecode.c.objc; path = SLMeFansListAction.m; sourceTree = "<group>"; };
		720F860120B2F59500AD0C54 /* SLGetRyTokenAction.m */ = {isa = PBXFileReference; fileEncoding = 4; lastKnownFileType = sourcecode.c.objc; path = SLGetRyTokenAction.m; sourceTree = "<group>"; };
		720F860220B2F59500AD0C54 /* SLRelationAction.m */ = {isa = PBXFileReference; fileEncoding = 4; lastKnownFileType = sourcecode.c.objc; path = SLRelationAction.m; sourceTree = "<group>"; };
		720F860320B2F59500AD0C54 /* SLGetRyTokenAction.h */ = {isa = PBXFileReference; fileEncoding = 4; lastKnownFileType = sourcecode.c.h; path = SLGetRyTokenAction.h; sourceTree = "<group>"; };
		720F860E20B45EBB00AD0C54 /* SLUserInfoViewController.m */ = {isa = PBXFileReference; fileEncoding = 4; lastKnownFileType = sourcecode.c.objc; path = SLUserInfoViewController.m; sourceTree = "<group>"; };
		720F860F20B45EBB00AD0C54 /* SLUserInfoViewController.h */ = {isa = PBXFileReference; fileEncoding = 4; lastKnownFileType = sourcecode.c.h; path = SLUserInfoViewController.h; sourceTree = "<group>"; };
		725B98BB20AC3D2F00747F7A /* UserCenterViewController.h */ = {isa = PBXFileReference; fileEncoding = 4; lastKnownFileType = sourcecode.c.h; path = UserCenterViewController.h; sourceTree = "<group>"; };
		725B98BC20AC837C00747F7A /* UserCenterViewController.m */ = {isa = PBXFileReference; fileEncoding = 4; lastKnownFileType = sourcecode.c.objc; path = UserCenterViewController.m; sourceTree = "<group>"; };
		72C6166820A0C67500103C44 /* SLUrgeListAction.m */ = {isa = PBXFileReference; fileEncoding = 4; lastKnownFileType = sourcecode.c.objc; path = SLUrgeListAction.m; sourceTree = "<group>"; };
		72C6166920A0C67500103C44 /* SLUrgeListAction.h */ = {isa = PBXFileReference; fileEncoding = 4; lastKnownFileType = sourcecode.c.h; path = SLUrgeListAction.h; sourceTree = "<group>"; };
		72C686F61D628C8898214FFC /* Pods-ShowLive.debug.xcconfig */ = {isa = PBXFileReference; includeInIndex = 1; lastKnownFileType = text.xcconfig; name = "Pods-ShowLive.debug.xcconfig"; path = "Pods/Target Support Files/Pods-ShowLive/Pods-ShowLive.debug.xcconfig"; sourceTree = "<group>"; };
		72F17B6620AB18F50039E916 /* ShowForgetPwdAction.h */ = {isa = PBXFileReference; fileEncoding = 4; lastKnownFileType = sourcecode.c.h; path = ShowForgetPwdAction.h; sourceTree = "<group>"; };
		72F17B6720AB18F50039E916 /* ShowVerifycodeAction.h */ = {isa = PBXFileReference; fileEncoding = 4; lastKnownFileType = sourcecode.c.h; path = ShowVerifycodeAction.h; sourceTree = "<group>"; };
		72F17B6820AB18F60039E916 /* ShowForgetPwdAction.m */ = {isa = PBXFileReference; fileEncoding = 4; lastKnownFileType = sourcecode.c.objc; path = ShowForgetPwdAction.m; sourceTree = "<group>"; };
		72F17B6920AB18F60039E916 /* ShowVerifycodeAction.m */ = {isa = PBXFileReference; fileEncoding = 4; lastKnownFileType = sourcecode.c.objc; path = ShowVerifycodeAction.m; sourceTree = "<group>"; };
		72FAE61F20BC50CA00E47E09 /* SLTextView.h */ = {isa = PBXFileReference; lastKnownFileType = sourcecode.c.h; path = SLTextView.h; sourceTree = "<group>"; };
		72FE9B5620621F59008DD3D5 /* ShowLive.app */ = {isa = PBXFileReference; explicitFileType = wrapper.application; includeInIndex = 0; path = ShowLive.app; sourceTree = BUILT_PRODUCTS_DIR; };
		72FE9B6520621F59008DD3D5 /* Base */ = {isa = PBXFileReference; lastKnownFileType = file.storyboard; name = Base; path = Base.lproj/LaunchScreen.storyboard; sourceTree = "<group>"; };
		72FE9B6720621F59008DD3D5 /* Info.plist */ = {isa = PBXFileReference; lastKnownFileType = text.plist.xml; path = Info.plist; sourceTree = "<group>"; };
		72FE9B6820621F59008DD3D5 /* main.m */ = {isa = PBXFileReference; lastKnownFileType = sourcecode.c.objc; path = main.m; sourceTree = "<group>"; };
		72FE9B6E20621F59008DD3D5 /* ShowLiveTests.xctest */ = {isa = PBXFileReference; explicitFileType = wrapper.cfbundle; includeInIndex = 0; path = ShowLiveTests.xctest; sourceTree = BUILT_PRODUCTS_DIR; };
		72FE9B7220621F59008DD3D5 /* ShowLiveTests.m */ = {isa = PBXFileReference; lastKnownFileType = sourcecode.c.objc; path = ShowLiveTests.m; sourceTree = "<group>"; };
		72FE9B7420621F59008DD3D5 /* Info.plist */ = {isa = PBXFileReference; lastKnownFileType = text.plist.xml; path = Info.plist; sourceTree = "<group>"; };
		72FE9B7920621F59008DD3D5 /* ShowLiveUITests.xctest */ = {isa = PBXFileReference; explicitFileType = wrapper.cfbundle; includeInIndex = 0; path = ShowLiveUITests.xctest; sourceTree = BUILT_PRODUCTS_DIR; };
		72FE9B7D20621F59008DD3D5 /* ShowLiveUITests.m */ = {isa = PBXFileReference; lastKnownFileType = sourcecode.c.objc; path = ShowLiveUITests.m; sourceTree = "<group>"; };
		72FE9B7F20621F59008DD3D5 /* Info.plist */ = {isa = PBXFileReference; lastKnownFileType = text.plist.xml; path = Info.plist; sourceTree = "<group>"; };
		93154D6820623EFE00BF088F /* ShowLive.pch */ = {isa = PBXFileReference; lastKnownFileType = sourcecode.c.h; path = ShowLive.pch; sourceTree = "<group>"; };
		9319236920B7FF1C001C6144 /* SLFriendListViewController.h */ = {isa = PBXFileReference; fileEncoding = 4; lastKnownFileType = sourcecode.c.h; path = SLFriendListViewController.h; sourceTree = "<group>"; };
		9319236B20B7FF37001C6144 /* SLFriendListCell.h */ = {isa = PBXFileReference; fileEncoding = 4; lastKnownFileType = sourcecode.c.h; path = SLFriendListCell.h; sourceTree = "<group>"; };
		9319236D20B897C6001C6144 /* SLVMFriendList.h */ = {isa = PBXFileReference; fileEncoding = 4; lastKnownFileType = sourcecode.c.h; path = SLVMFriendList.h; sourceTree = "<group>"; };
		931DAAC520B571C5003A0B38 /* SLGiftAction.h */ = {isa = PBXFileReference; fileEncoding = 4; lastKnownFileType = sourcecode.c.h; path = SLGiftAction.h; sourceTree = "<group>"; };
		931DAAC620B571D2003A0B38 /* SLGiftAction.m */ = {isa = PBXFileReference; fileEncoding = 4; lastKnownFileType = sourcecode.c.objc; path = SLGiftAction.m; sourceTree = "<group>"; };
		931DAAC820B5A7A6003A0B38 /* SLConvListSystemTableViewCell.h */ = {isa = PBXFileReference; fileEncoding = 4; lastKnownFileType = sourcecode.c.h; path = SLConvListSystemTableViewCell.h; sourceTree = "<group>"; };
		934E1B9720AC39D900A0B080 /* SLChatViewController.h */ = {isa = PBXFileReference; fileEncoding = 4; lastKnownFileType = sourcecode.c.h; path = SLChatViewController.h; sourceTree = "<group>"; };
		934E1B9820AC3A1E00A0B080 /* SLChatViewController+BlankView.h */ = {isa = PBXFileReference; fileEncoding = 4; lastKnownFileType = sourcecode.c.h; path = "SLChatViewController+BlankView.h"; sourceTree = "<group>"; };
		93595A8820B9E436005056CB /* SLVMFriendList.m */ = {isa = PBXFileReference; fileEncoding = 4; lastKnownFileType = sourcecode.c.objc; path = SLVMFriendList.m; sourceTree = "<group>"; };
		938D2FFD20A0C821006A0CDE /* ShowAction.h */ = {isa = PBXFileReference; fileEncoding = 4; lastKnownFileType = sourcecode.c.h; path = ShowAction.h; sourceTree = "<group>"; };
		938D2FFE20A0C822006A0CDE /* ShowAction.m */ = {isa = PBXFileReference; fileEncoding = 4; lastKnownFileType = sourcecode.c.objc; path = ShowAction.m; sourceTree = "<group>"; };
		938D302020A35B0A006A0CDE /* ShowLoginAction.h */ = {isa = PBXFileReference; fileEncoding = 4; lastKnownFileType = sourcecode.c.h; path = ShowLoginAction.h; sourceTree = "<group>"; };
		938D302120A35B0A006A0CDE /* ShowReqAction.m */ = {isa = PBXFileReference; fileEncoding = 4; lastKnownFileType = sourcecode.c.objc; path = ShowReqAction.m; sourceTree = "<group>"; };
		AA2350AAA436CDCBB1E93DCE /* Pods-ShowLive.release.xcconfig */ = {isa = PBXFileReference; includeInIndex = 1; lastKnownFileType = text.xcconfig; name = "Pods-ShowLive.release.xcconfig"; path = "Pods/Target Support Files/Pods-ShowLive/Pods-ShowLive.release.xcconfig"; sourceTree = "<group>"; };
/* End PBXFileReference section */

/* Begin PBXFrameworksBuildPhase section */
		72FE9B5320621F59008DD3D5 /* Frameworks */ = {
			isa = PBXFrameworksBuildPhase;
			buildActionMask = 2147483647;
			files = (
			);
			runOnlyForDeploymentPostprocessing = 0;
		};
		72FE9B6B20621F59008DD3D5 /* Frameworks */ = {
			isa = PBXFrameworksBuildPhase;
			buildActionMask = 2147483647;
			files = (
			);
			runOnlyForDeploymentPostprocessing = 0;
		};
		72FE9B7620621F59008DD3D5 /* Frameworks */ = {
			isa = PBXFrameworksBuildPhase;
			buildActionMask = 2147483647;
			files = (
			);
			runOnlyForDeploymentPostprocessing = 0;
		};
/* End PBXFrameworksBuildPhase section */

/* Begin PBXGroup section */
		43143748209432BE0059D373 /* Wallet */ = {
			isa = PBXGroup;
			children = (
				43143749209432BE0059D373 /* ShowWallet.h */,
			);
			path = Wallet;
			sourceTree = "<group>";
		};
		431438A8209432D50059D373 /* zh-Hans.lproj */ = {
			isa = PBXGroup;
			children = (
				431438A9209432D50059D373 /* LaunchScreen.strings */,
			);
			path = "zh-Hans.lproj";
			sourceTree = "<group>";
		};
		431438AC209432E30059D373 /* Base.lproj */ = {
			isa = PBXGroup;
			children = (
				431438AD209432E30059D373 /* LaunchScreen.storyboard */,
			);
			path = Base.lproj;
			sourceTree = "<group>";
		};
		431439292094A2290059D373 /* Classes */ = {
			isa = PBXGroup;
			children = (
				9319236720B7FF05001C6144 /* FriendList */,
				725B98BA20AC3CD400747F7A /* UserCenter */,
				934E1B9620AC38E100A0B080 /* Chat */,
				43D24A932094B4C500C59AC8 /* ShowNavigationBar.h */,
				43D24A942094B4C500C59AC8 /* ShowNavigationBar.m */,
				43D24A8E2094A43600C59AC8 /* ShowAppDelegate.h */,
				43D24A8F2094A43600C59AC8 /* ShowAppDelegate.m */,
				43D24A902094A43600C59AC8 /* AppDelegate+ShowRegisterService.h */,
				43D24A8D2094A43600C59AC8 /* AppDelegate+ShowRegisterService.m */,
			);
			path = Classes;
			sourceTree = "<group>";
		};
		43968A6720AC397000149DCC /* Untils */ = {
			isa = PBXGroup;
			children = (
				43968A6820AC398B00149DCC /* NSObject+Safe.h */,
				43968A6920AC398C00149DCC /* NSObject+Safe.m */,
			);
			path = Untils;
			sourceTree = "<group>";
		};
		725B98BA20AC3CD400747F7A /* UserCenter */ = {
			isa = PBXGroup;
			children = (
				72FAE61F20BC50CA00E47E09 /* SLTextView.h */,
				720F860F20B45EBB00AD0C54 /* SLUserInfoViewController.h */,
				720F860E20B45EBB00AD0C54 /* SLUserInfoViewController.m */,
				725B98BB20AC3D2F00747F7A /* UserCenterViewController.h */,
				725B98BC20AC837C00747F7A /* UserCenterViewController.m */,
				72058AC920B5E17700458C2F /* ShowSettingViewController.h */,
				72058ACA20B5E17700458C2F /* ShowSettingViewController.m */,
			);
			path = UserCenter;
			sourceTree = "<group>";
		};
		72C6166720A0C65200103C44 /* requestAction */ = {
			isa = PBXGroup;
			children = (
				938D2FFD20A0C821006A0CDE /* ShowAction.h */,
				938D2FFE20A0C822006A0CDE /* ShowAction.m */,
				931DAAC520B571C5003A0B38 /* SLGiftAction.h */,
				931DAAC620B571D2003A0B38 /* SLGiftAction.m */,
				720C304820A35ACC00207500 /* SLGetWithdrawAddressAction.h */,
				720C304920A35ACC00207500 /* SLGetWithdrawAddressAction.m */,
				72C6166920A0C67500103C44 /* SLUrgeListAction.h */,
				72C6166820A0C67500103C44 /* SLUrgeListAction.m */,
				938D302120A35B0A006A0CDE /* ShowReqAction.m */,
				938D302020A35B0A006A0CDE /* ShowLoginAction.h */,
				72F17B6620AB18F50039E916 /* ShowForgetPwdAction.h */,
				72F17B6820AB18F60039E916 /* ShowForgetPwdAction.m */,
				72F17B6720AB18F50039E916 /* ShowVerifycodeAction.h */,
				72F17B6920AB18F60039E916 /* ShowVerifycodeAction.m */,
				720F85F720B2F59400AD0C54 /* SLChatStatisticsAction.h */,
				720F85FE20B2F59500AD0C54 /* SLChatStatisticsAction.m */,
				720F85F820B2F59400AD0C54 /* SLConfigAction.h */,
				720F85FA20B2F59400AD0C54 /* SLConfigAction.m */,
				720F85FD20B2F59500AD0C54 /* SLFollowUserAction.h */,
				720F85F620B2F59400AD0C54 /* SLFollowUserAction.m */,
				720F860320B2F59500AD0C54 /* SLGetRyTokenAction.h */,
				720F860120B2F59500AD0C54 /* SLGetRyTokenAction.m */,
				720F85F920B2F59400AD0C54 /* SLMeConcernListAction.h */,
				720F85FB20B2F59400AD0C54 /* SLMeConcernListAction.m */,
				720F85FF20B2F59500AD0C54 /* SLMeFansListAction.h */,
				720F860020B2F59500AD0C54 /* SLMeFansListAction.m */,
				720F85FC20B2F59400AD0C54 /* SLRelationAction.h */,
				720F860220B2F59500AD0C54 /* SLRelationAction.m */,
			);
			path = requestAction;
			sourceTree = "<group>";
		};
		72FE9B4D20621F59008DD3D5 = {
			isa = PBXGroup;
			children = (
				43968A6720AC397000149DCC /* Untils */,
				72C6166720A0C65200103C44 /* requestAction */,
				43143921209497E80059D373 /* .gitignore */,
				43143923209497E80059D373 /* Cartfile */,
				4314391F209497E70059D373 /* README.md */,
				43143920209497E70059D373 /* TODO.md */,
				43143922209497E80059D373 /* UNLICENSE */,
				431438AC209432E30059D373 /* Base.lproj */,
				431438A8209432D50059D373 /* zh-Hans.lproj */,
				431439292094A2290059D373 /* Classes */,
				43143748209432BE0059D373 /* Wallet */,
				93154CBF206235FD00BF088F /* Supporting Files */,
				72FE9B7120621F59008DD3D5 /* ShowLiveTests */,
				72FE9B7C20621F59008DD3D5 /* ShowLiveUITests */,
				72FE9B5720621F59008DD3D5 /* Products */,
				D544A431CFB6EF8D747D9730 /* Pods */,
				7A4890365BBB942A04503D32 /* Frameworks */,
			);
			sourceTree = "<group>";
		};
		72FE9B5720621F59008DD3D5 /* Products */ = {
			isa = PBXGroup;
			children = (
				72FE9B5620621F59008DD3D5 /* ShowLive.app */,
				72FE9B6E20621F59008DD3D5 /* ShowLiveTests.xctest */,
				72FE9B7920621F59008DD3D5 /* ShowLiveUITests.xctest */,
			);
			name = Products;
			sourceTree = "<group>";
		};
		72FE9B7120621F59008DD3D5 /* ShowLiveTests */ = {
			isa = PBXGroup;
			children = (
				72FE9B7220621F59008DD3D5 /* ShowLiveTests.m */,
				72FE9B7420621F59008DD3D5 /* Info.plist */,
			);
			path = ShowLiveTests;
			sourceTree = "<group>";
		};
		72FE9B7C20621F59008DD3D5 /* ShowLiveUITests */ = {
			isa = PBXGroup;
			children = (
				72FE9B7D20621F59008DD3D5 /* ShowLiveUITests.m */,
				72FE9B7F20621F59008DD3D5 /* Info.plist */,
			);
			path = ShowLiveUITests;
			sourceTree = "<group>";
		};
		7A4890365BBB942A04503D32 /* Frameworks */ = {
			isa = PBXGroup;
			children = (
			);
			name = Frameworks;
			sourceTree = "<group>";
		};
		93154CBF206235FD00BF088F /* Supporting Files */ = {
			isa = PBXGroup;
			children = (
				72FE9B6420621F59008DD3D5 /* LaunchScreen.storyboard */,
				72FE9B6720621F59008DD3D5 /* Info.plist */,
				72FE9B6820621F59008DD3D5 /* main.m */,
				93154D6820623EFE00BF088F /* ShowLive.pch */,
			);
			name = "Supporting Files";
			sourceTree = "<group>";
		};
		9319236720B7FF05001C6144 /* FriendList */ = {
			isa = PBXGroup;
			children = (
				9319236C20B897BB001C6144 /* Model */,
				9319236A20B7FF27001C6144 /* View */,
				9319236820B7FF10001C6144 /* Controller */,
			);
			path = FriendList;
			sourceTree = "<group>";
		};
		9319236820B7FF10001C6144 /* Controller */ = {
			isa = PBXGroup;
			children = (
				9319236920B7FF1C001C6144 /* SLFriendListViewController.h */,
			);
			path = Controller;
			sourceTree = "<group>";
		};
		9319236A20B7FF27001C6144 /* View */ = {
			isa = PBXGroup;
			children = (
				9319236B20B7FF37001C6144 /* SLFriendListCell.h */,
			);
			path = View;
			sourceTree = "<group>";
		};
		9319236C20B897BB001C6144 /* Model */ = {
			isa = PBXGroup;
			children = (
				9319236D20B897C6001C6144 /* SLVMFriendList.h */,
				93595A8820B9E436005056CB /* SLVMFriendList.m */,
			);
			path = Model;
			sourceTree = "<group>";
		};
		934E1B9620AC38E100A0B080 /* Chat */ = {
			isa = PBXGroup;
			children = (
				934E1B9720AC39D900A0B080 /* SLChatViewController.h */,
				934E1B9820AC3A1E00A0B080 /* SLChatViewController+BlankView.h */,
				931DAAC820B5A7A6003A0B38 /* SLConvListSystemTableViewCell.h */,
			);
			path = Chat;
			sourceTree = "<group>";
		};
		D544A431CFB6EF8D747D9730 /* Pods */ = {
			isa = PBXGroup;
			children = (
				72C686F61D628C8898214FFC /* Pods-ShowLive.debug.xcconfig */,
				AA2350AAA436CDCBB1E93DCE /* Pods-ShowLive.release.xcconfig */,
			);
			name = Pods;
			sourceTree = "<group>";
		};
/* End PBXGroup section */

/* Begin PBXNativeTarget section */
		72FE9B5520621F59008DD3D5 /* ShowLive */ = {
			isa = PBXNativeTarget;
			buildConfigurationList = 72FE9B8220621F59008DD3D5 /* Build configuration list for PBXNativeTarget "ShowLive" */;
			buildPhases = (
				95C574FAFCE60E18737DB20D /* [CP] Check Pods Manifest.lock */,
				72FE9B5220621F59008DD3D5 /* Sources */,
				72FE9B5320621F59008DD3D5 /* Frameworks */,
				72FE9B5420621F59008DD3D5 /* Resources */,
				16188455F942467D335B7DC4 /* [CP] Copy Pods Resources */,
				4382A9662072123B00E95A1F /* ShellScript */,
			);
			buildRules = (
			);
			dependencies = (
			);
			name = ShowLive;
			productName = ShowLive;
			productReference = 72FE9B5620621F59008DD3D5 /* ShowLive.app */;
			productType = "com.apple.product-type.application";
		};
		72FE9B6D20621F59008DD3D5 /* ShowLiveTests */ = {
			isa = PBXNativeTarget;
			buildConfigurationList = 72FE9B8520621F59008DD3D5 /* Build configuration list for PBXNativeTarget "ShowLiveTests" */;
			buildPhases = (
				72FE9B6A20621F59008DD3D5 /* Sources */,
				72FE9B6B20621F59008DD3D5 /* Frameworks */,
				72FE9B6C20621F59008DD3D5 /* Resources */,
			);
			buildRules = (
			);
			dependencies = (
				72FE9B7020621F59008DD3D5 /* PBXTargetDependency */,
			);
			name = ShowLiveTests;
			productName = ShowLiveTests;
			productReference = 72FE9B6E20621F59008DD3D5 /* ShowLiveTests.xctest */;
			productType = "com.apple.product-type.bundle.unit-test";
		};
		72FE9B7820621F59008DD3D5 /* ShowLiveUITests */ = {
			isa = PBXNativeTarget;
			buildConfigurationList = 72FE9B8820621F59008DD3D5 /* Build configuration list for PBXNativeTarget "ShowLiveUITests" */;
			buildPhases = (
				72FE9B7520621F59008DD3D5 /* Sources */,
				72FE9B7620621F59008DD3D5 /* Frameworks */,
				72FE9B7720621F59008DD3D5 /* Resources */,
			);
			buildRules = (
			);
			dependencies = (
				72FE9B7B20621F59008DD3D5 /* PBXTargetDependency */,
			);
			name = ShowLiveUITests;
			productName = ShowLiveUITests;
			productReference = 72FE9B7920621F59008DD3D5 /* ShowLiveUITests.xctest */;
			productType = "com.apple.product-type.bundle.ui-testing";
		};
/* End PBXNativeTarget section */

/* Begin PBXProject section */
		72FE9B4E20621F59008DD3D5 /* Project object */ = {
			isa = PBXProject;
			attributes = {
				LastUpgradeCheck = 0920;
				ORGANIZATIONNAME = vning;
				TargetAttributes = {
					72FE9B5520621F59008DD3D5 = {
						CreatedOnToolsVersion = 9.2;
						ProvisioningStyle = Automatic;
					};
					72FE9B6D20621F59008DD3D5 = {
						CreatedOnToolsVersion = 9.2;
						ProvisioningStyle = Automatic;
						TestTargetID = 72FE9B5520621F59008DD3D5;
					};
					72FE9B7820621F59008DD3D5 = {
						CreatedOnToolsVersion = 9.2;
						ProvisioningStyle = Automatic;
						TestTargetID = 72FE9B5520621F59008DD3D5;
					};
				};
			};
			buildConfigurationList = 72FE9B5120621F59008DD3D5 /* Build configuration list for PBXProject "ShowLive" */;
			compatibilityVersion = "Xcode 8.0";
			developmentRegion = en;
			hasScannedForEncodings = 0;
			knownRegions = (
				en,
				Base,
				"zh-Hans",
			);
			mainGroup = 72FE9B4D20621F59008DD3D5;
			productRefGroup = 72FE9B5720621F59008DD3D5 /* Products */;
			projectDirPath = "";
			projectRoot = "";
			targets = (
				72FE9B5520621F59008DD3D5 /* ShowLive */,
				72FE9B6D20621F59008DD3D5 /* ShowLiveTests */,
				72FE9B7820621F59008DD3D5 /* ShowLiveUITests */,
			);
		};
/* End PBXProject section */

/* Begin PBXResourcesBuildPhase section */
		72FE9B5420621F59008DD3D5 /* Resources */ = {
			isa = PBXResourcesBuildPhase;
			buildActionMask = 2147483647;
			files = (
				431438AB209432D50059D373 /* LaunchScreen.strings in Resources */,
				72FE9B6620621F59008DD3D5 /* LaunchScreen.storyboard in Resources */,
				43143928209497E80059D373 /* Cartfile in Resources */,
				43143924209497E80059D373 /* README.md in Resources */,
				43143927209497E80059D373 /* UNLICENSE in Resources */,
				431438AF209432E30059D373 /* LaunchScreen.storyboard in Resources */,
				43143926209497E80059D373 /* .gitignore in Resources */,
				43143925209497E80059D373 /* TODO.md in Resources */,
			);
			runOnlyForDeploymentPostprocessing = 0;
		};
		72FE9B6C20621F59008DD3D5 /* Resources */ = {
			isa = PBXResourcesBuildPhase;
			buildActionMask = 2147483647;
			files = (
			);
			runOnlyForDeploymentPostprocessing = 0;
		};
		72FE9B7720621F59008DD3D5 /* Resources */ = {
			isa = PBXResourcesBuildPhase;
			buildActionMask = 2147483647;
			files = (
			);
			runOnlyForDeploymentPostprocessing = 0;
		};
/* End PBXResourcesBuildPhase section */

/* Begin PBXShellScriptBuildPhase section */
		16188455F942467D335B7DC4 /* [CP] Copy Pods Resources */ = {
			isa = PBXShellScriptBuildPhase;
			buildActionMask = 2147483647;
			files = (
			);
			inputPaths = (
				"${SRCROOT}/Pods/Target Support Files/Pods-ShowLive/Pods-ShowLive-resources.sh",
				"${PODS_ROOT}/Bugtags/Bugtags.bundle",
				"${PODS_ROOT}/GPUImage/framework/Resources/lookup.png",
				"${PODS_ROOT}/GPUImage/framework/Resources/lookup_amatorka.png",
				"${PODS_ROOT}/GPUImage/framework/Resources/lookup_miss_etikate.png",
				"${PODS_ROOT}/GPUImage/framework/Resources/lookup_soft_elegance_1.png",
				"${PODS_ROOT}/GPUImage/framework/Resources/lookup_soft_elegance_2.png",
				"${PODS_ROOT}/GoogleMaps/Maps/Frameworks/GoogleMaps.framework/Resources/GoogleMaps.bundle",
				"${PODS_ROOT}/GooglePlacePicker/Frameworks/GooglePlacePicker.framework/Resources/GooglePlacePicker.bundle",
				"${PODS_ROOT}/GooglePlaces/Frameworks/GooglePlaces.framework/Resources/GooglePlaces.bundle",
				"${PODS_ROOT}/IQKeyboardManager/IQKeyboardManager/Resources/IQKeyboardManager.bundle",
				"${PODS_ROOT}/MJRefresh/MJRefresh/MJRefresh.bundle",
				"${PODS_ROOT}/RongCloudIM/RongCloudIM/RCConfig.plist",
				"${PODS_ROOT}/TZImagePickerController/TZImagePickerController/TZImagePickerController/TZImagePickerController.bundle",
				"${PODS_ROOT}/UMCShare/UMShare/UMSocialSDKPlugin/UMSocialSDKPromptResources.bundle",
				"${PODS_ROOT}/UMCShare/UMShare/SocialLibraries/Twitter/TwitterKitResources.bundle",
				"${PODS_ROOT}/UMCShare/UMShare/SocialLibraries/Twitter/TwitterShareExtensionUIResources.bundle",
				"${PODS_ROOT}/UMCShare/UMShare/UMSocialUI/UMSocialSDKResources.bundle",
			);
			name = "[CP] Copy Pods Resources";
			outputPaths = (
				"${TARGET_BUILD_DIR}/${UNLOCALIZED_RESOURCES_FOLDER_PATH}/Bugtags.bundle",
				"${TARGET_BUILD_DIR}/${UNLOCALIZED_RESOURCES_FOLDER_PATH}/lookup.png",
				"${TARGET_BUILD_DIR}/${UNLOCALIZED_RESOURCES_FOLDER_PATH}/lookup_amatorka.png",
				"${TARGET_BUILD_DIR}/${UNLOCALIZED_RESOURCES_FOLDER_PATH}/lookup_miss_etikate.png",
				"${TARGET_BUILD_DIR}/${UNLOCALIZED_RESOURCES_FOLDER_PATH}/lookup_soft_elegance_1.png",
				"${TARGET_BUILD_DIR}/${UNLOCALIZED_RESOURCES_FOLDER_PATH}/lookup_soft_elegance_2.png",
				"${TARGET_BUILD_DIR}/${UNLOCALIZED_RESOURCES_FOLDER_PATH}/GoogleMaps.bundle",
				"${TARGET_BUILD_DIR}/${UNLOCALIZED_RESOURCES_FOLDER_PATH}/GooglePlacePicker.bundle",
				"${TARGET_BUILD_DIR}/${UNLOCALIZED_RESOURCES_FOLDER_PATH}/GooglePlaces.bundle",
				"${TARGET_BUILD_DIR}/${UNLOCALIZED_RESOURCES_FOLDER_PATH}/IQKeyboardManager.bundle",
				"${TARGET_BUILD_DIR}/${UNLOCALIZED_RESOURCES_FOLDER_PATH}/MJRefresh.bundle",
				"${TARGET_BUILD_DIR}/${UNLOCALIZED_RESOURCES_FOLDER_PATH}/RCConfig.plist",
				"${TARGET_BUILD_DIR}/${UNLOCALIZED_RESOURCES_FOLDER_PATH}/TZImagePickerController.bundle",
				"${TARGET_BUILD_DIR}/${UNLOCALIZED_RESOURCES_FOLDER_PATH}/UMSocialSDKPromptResources.bundle",
				"${TARGET_BUILD_DIR}/${UNLOCALIZED_RESOURCES_FOLDER_PATH}/TwitterKitResources.bundle",
				"${TARGET_BUILD_DIR}/${UNLOCALIZED_RESOURCES_FOLDER_PATH}/TwitterShareExtensionUIResources.bundle",
				"${TARGET_BUILD_DIR}/${UNLOCALIZED_RESOURCES_FOLDER_PATH}/UMSocialSDKResources.bundle",
			);
			runOnlyForDeploymentPostprocessing = 0;
			shellPath = /bin/sh;
			shellScript = "\"${SRCROOT}/Pods/Target Support Files/Pods-ShowLive/Pods-ShowLive-resources.sh\"\n";
			showEnvVarsInLog = 0;
		};
		4382A9662072123B00E95A1F /* ShellScript */ = {
			isa = PBXShellScriptBuildPhase;
			buildActionMask = 2147483647;
			files = (
			);
			inputPaths = (
			);
			outputPaths = (
			);
			runOnlyForDeploymentPostprocessing = 0;
			shellPath = /bin/sh;
			shellScript = "python ./ShowLive/Resouce/ResourceProducer.py";
		};
		95C574FAFCE60E18737DB20D /* [CP] Check Pods Manifest.lock */ = {
			isa = PBXShellScriptBuildPhase;
			buildActionMask = 2147483647;
			files = (
			);
			inputPaths = (
				"${PODS_PODFILE_DIR_PATH}/Podfile.lock",
				"${PODS_ROOT}/Manifest.lock",
			);
			name = "[CP] Check Pods Manifest.lock";
			outputPaths = (
				"$(DERIVED_FILE_DIR)/Pods-ShowLive-checkManifestLockResult.txt",
			);
			runOnlyForDeploymentPostprocessing = 0;
			shellPath = /bin/sh;
			shellScript = "diff \"${PODS_PODFILE_DIR_PATH}/Podfile.lock\" \"${PODS_ROOT}/Manifest.lock\" > /dev/null\nif [ $? != 0 ] ; then\n    # print error to STDERR\n    echo \"error: The sandbox is not in sync with the Podfile.lock. Run 'pod install' or update your CocoaPods installation.\" >&2\n    exit 1\nfi\n# This output is used by Xcode 'outputs' to avoid re-running this script phase.\necho \"SUCCESS\" > \"${SCRIPT_OUTPUT_FILE_0}\"\n";
			showEnvVarsInLog = 0;
		};
/* End PBXShellScriptBuildPhase section */

/* Begin PBXSourcesBuildPhase section */
		72FE9B5220621F59008DD3D5 /* Sources */ = {
			isa = PBXSourcesBuildPhase;
			buildActionMask = 2147483647;
			files = (
				725B98BD20AC837D00747F7A /* UserCenterViewController.m in Sources */,
				938D2FFF20A0C822006A0CDE /* ShowAction.m in Sources */,
				720C304A20A35ACD00207500 /* SLGetWithdrawAddressAction.m in Sources */,
				72F17B6A20AB18F60039E916 /* ShowForgetPwdAction.m in Sources */,
				43D24A952094B4C500C59AC8 /* ShowNavigationBar.m in Sources */,
				72F17B6B20AB18F60039E916 /* ShowVerifycodeAction.m in Sources */,
				72FE9B6920621F59008DD3D5 /* main.m in Sources */,
				72C6166A20A0C67500103C44 /* SLUrgeListAction.m in Sources */,
				72058ACB20B5E17800458C2F /* ShowSettingViewController.m in Sources */,
				720F860520B2F59500AD0C54 /* SLConfigAction.m in Sources */,
				43968A6A20AC398C00149DCC /* NSObject+Safe.m in Sources */,
				931DAAC720B571D2003A0B38 /* SLGiftAction.m in Sources */,
				720F860420B2F59500AD0C54 /* SLFollowUserAction.m in Sources */,
				720F860720B2F59500AD0C54 /* SLChatStatisticsAction.m in Sources */,
				938D302220A35B0A006A0CDE /* ShowReqAction.m in Sources */,
				720F860A20B2F59500AD0C54 /* SLRelationAction.m in Sources */,
				43D24A912094A43600C59AC8 /* AppDelegate+ShowRegisterService.m in Sources */,
				43D24A922094A43600C59AC8 /* ShowAppDelegate.m in Sources */,
				93595A8920B9E436005056CB /* SLVMFriendList.m in Sources */,
				720F860620B2F59500AD0C54 /* SLMeConcernListAction.m in Sources */,
				720F860920B2F59500AD0C54 /* SLGetRyTokenAction.m in Sources */,
				720F861020B45EBB00AD0C54 /* SLUserInfoViewController.m in Sources */,
				720F860820B2F59500AD0C54 /* SLMeFansListAction.m in Sources */,
			);
			runOnlyForDeploymentPostprocessing = 0;
		};
		72FE9B6A20621F59008DD3D5 /* Sources */ = {
			isa = PBXSourcesBuildPhase;
			buildActionMask = 2147483647;
			files = (
				72FE9B7320621F59008DD3D5 /* ShowLiveTests.m in Sources */,
			);
			runOnlyForDeploymentPostprocessing = 0;
		};
		72FE9B7520621F59008DD3D5 /* Sources */ = {
			isa = PBXSourcesBuildPhase;
			buildActionMask = 2147483647;
			files = (
				72FE9B7E20621F59008DD3D5 /* ShowLiveUITests.m in Sources */,
			);
			runOnlyForDeploymentPostprocessing = 0;
		};
/* End PBXSourcesBuildPhase section */

/* Begin PBXTargetDependency section */
		72FE9B7020621F59008DD3D5 /* PBXTargetDependency */ = {
			isa = PBXTargetDependency;
			target = 72FE9B5520621F59008DD3D5 /* ShowLive */;
			targetProxy = 72FE9B6F20621F59008DD3D5 /* PBXContainerItemProxy */;
		};
		72FE9B7B20621F59008DD3D5 /* PBXTargetDependency */ = {
			isa = PBXTargetDependency;
			target = 72FE9B5520621F59008DD3D5 /* ShowLive */;
			targetProxy = 72FE9B7A20621F59008DD3D5 /* PBXContainerItemProxy */;
		};
/* End PBXTargetDependency section */

/* Begin PBXVariantGroup section */
		431438A9209432D50059D373 /* LaunchScreen.strings */ = {
			isa = PBXVariantGroup;
			children = (
				431438AA209432D50059D373 /* zh-Hans */,
			);
			name = LaunchScreen.strings;
			sourceTree = "<group>";
		};
		431438AD209432E30059D373 /* LaunchScreen.storyboard */ = {
			isa = PBXVariantGroup;
			children = (
				431438AE209432E30059D373 /* Base */,
			);
			name = LaunchScreen.storyboard;
			sourceTree = "<group>";
		};
		72FE9B6420621F59008DD3D5 /* LaunchScreen.storyboard */ = {
			isa = PBXVariantGroup;
			children = (
				72FE9B6520621F59008DD3D5 /* Base */,
				437864562075FD1E00146B97 /* zh-Hans */,
			);
			name = LaunchScreen.storyboard;
			sourceTree = "<group>";
		};
/* End PBXVariantGroup section */

/* Begin XCBuildConfiguration section */
		72FE9B8020621F59008DD3D5 /* Debug */ = {
			isa = XCBuildConfiguration;
			buildSettings = {
				ALWAYS_SEARCH_USER_PATHS = NO;
				CLANG_ANALYZER_LOCALIZABILITY_NONLOCALIZED = YES;
				CLANG_ANALYZER_NONNULL = YES;
				CLANG_ANALYZER_NUMBER_OBJECT_CONVERSION = YES_AGGRESSIVE;
				CLANG_CXX_LANGUAGE_STANDARD = "gnu++14";
				CLANG_CXX_LIBRARY = "libc++";
				CLANG_ENABLE_MODULES = YES;
				CLANG_ENABLE_OBJC_ARC = YES;
				CLANG_WARN_BLOCK_CAPTURE_AUTORELEASING = YES;
				CLANG_WARN_BOOL_CONVERSION = YES;
				CLANG_WARN_COMMA = YES;
				CLANG_WARN_CONSTANT_CONVERSION = YES;
				CLANG_WARN_DIRECT_OBJC_ISA_USAGE = YES_ERROR;
				CLANG_WARN_DOCUMENTATION_COMMENTS = YES;
				CLANG_WARN_EMPTY_BODY = YES;
				CLANG_WARN_ENUM_CONVERSION = YES;
				CLANG_WARN_INFINITE_RECURSION = YES;
				CLANG_WARN_INT_CONVERSION = YES;
				CLANG_WARN_NON_LITERAL_NULL_CONVERSION = YES;
				CLANG_WARN_OBJC_LITERAL_CONVERSION = YES;
				CLANG_WARN_OBJC_ROOT_CLASS = YES_ERROR;
				CLANG_WARN_RANGE_LOOP_ANALYSIS = YES;
				CLANG_WARN_STRICT_PROTOTYPES = YES;
				CLANG_WARN_SUSPICIOUS_MOVE = YES;
				CLANG_WARN_UNGUARDED_AVAILABILITY = YES_AGGRESSIVE;
				CLANG_WARN_UNREACHABLE_CODE = YES;
				CLANG_WARN__DUPLICATE_METHOD_MATCH = YES;
				CODE_SIGN_IDENTITY = "iPhone Developer";
				COPY_PHASE_STRIP = NO;
				DEBUG_INFORMATION_FORMAT = dwarf;
				ENABLE_STRICT_OBJC_MSGSEND = YES;
				ENABLE_TESTABILITY = YES;
				GCC_C_LANGUAGE_STANDARD = gnu11;
				GCC_DYNAMIC_NO_PIC = NO;
				GCC_NO_COMMON_BLOCKS = YES;
				GCC_OPTIMIZATION_LEVEL = 0;
				GCC_PREPROCESSOR_DEFINITIONS = (
					"DEBUG=1",
					"$(inherited)",
				);
				GCC_WARN_64_TO_32_BIT_CONVERSION = YES;
				GCC_WARN_ABOUT_RETURN_TYPE = YES_ERROR;
				GCC_WARN_UNDECLARED_SELECTOR = YES;
				GCC_WARN_UNINITIALIZED_AUTOS = YES_AGGRESSIVE;
				GCC_WARN_UNUSED_FUNCTION = YES;
				GCC_WARN_UNUSED_VARIABLE = YES;
				IPHONEOS_DEPLOYMENT_TARGET = 11.2;
				MTL_ENABLE_DEBUG_INFO = YES;
				ONLY_ACTIVE_ARCH = YES;
				SDKROOT = iphoneos;
			};
			name = Debug;
		};
		72FE9B8120621F59008DD3D5 /* Release */ = {
			isa = XCBuildConfiguration;
			buildSettings = {
				ALWAYS_SEARCH_USER_PATHS = NO;
				CLANG_ANALYZER_LOCALIZABILITY_NONLOCALIZED = YES;
				CLANG_ANALYZER_NONNULL = YES;
				CLANG_ANALYZER_NUMBER_OBJECT_CONVERSION = YES_AGGRESSIVE;
				CLANG_CXX_LANGUAGE_STANDARD = "gnu++14";
				CLANG_CXX_LIBRARY = "libc++";
				CLANG_ENABLE_MODULES = YES;
				CLANG_ENABLE_OBJC_ARC = YES;
				CLANG_WARN_BLOCK_CAPTURE_AUTORELEASING = YES;
				CLANG_WARN_BOOL_CONVERSION = YES;
				CLANG_WARN_COMMA = YES;
				CLANG_WARN_CONSTANT_CONVERSION = YES;
				CLANG_WARN_DIRECT_OBJC_ISA_USAGE = YES_ERROR;
				CLANG_WARN_DOCUMENTATION_COMMENTS = YES;
				CLANG_WARN_EMPTY_BODY = YES;
				CLANG_WARN_ENUM_CONVERSION = YES;
				CLANG_WARN_INFINITE_RECURSION = YES;
				CLANG_WARN_INT_CONVERSION = YES;
				CLANG_WARN_NON_LITERAL_NULL_CONVERSION = YES;
				CLANG_WARN_OBJC_LITERAL_CONVERSION = YES;
				CLANG_WARN_OBJC_ROOT_CLASS = YES_ERROR;
				CLANG_WARN_RANGE_LOOP_ANALYSIS = YES;
				CLANG_WARN_STRICT_PROTOTYPES = YES;
				CLANG_WARN_SUSPICIOUS_MOVE = YES;
				CLANG_WARN_UNGUARDED_AVAILABILITY = YES_AGGRESSIVE;
				CLANG_WARN_UNREACHABLE_CODE = YES;
				CLANG_WARN__DUPLICATE_METHOD_MATCH = YES;
				CODE_SIGN_IDENTITY = "iPhone Developer";
				COPY_PHASE_STRIP = NO;
				DEBUG_INFORMATION_FORMAT = "dwarf-with-dsym";
				ENABLE_NS_ASSERTIONS = NO;
				ENABLE_STRICT_OBJC_MSGSEND = YES;
				GCC_C_LANGUAGE_STANDARD = gnu11;
				GCC_NO_COMMON_BLOCKS = YES;
				GCC_WARN_64_TO_32_BIT_CONVERSION = YES;
				GCC_WARN_ABOUT_RETURN_TYPE = YES_ERROR;
				GCC_WARN_UNDECLARED_SELECTOR = YES;
				GCC_WARN_UNINITIALIZED_AUTOS = YES_AGGRESSIVE;
				GCC_WARN_UNUSED_FUNCTION = YES;
				GCC_WARN_UNUSED_VARIABLE = YES;
				IPHONEOS_DEPLOYMENT_TARGET = 11.2;
				MTL_ENABLE_DEBUG_INFO = NO;
				SDKROOT = iphoneos;
				VALIDATE_PRODUCT = YES;
			};
			name = Release;
		};
		72FE9B8320621F59008DD3D5 /* Debug */ = {
			isa = XCBuildConfiguration;
			baseConfigurationReference = 72C686F61D628C8898214FFC /* Pods-ShowLive.debug.xcconfig */;
			buildSettings = {
				ASSETCATALOG_COMPILER_APPICON_NAME = AppIcon;
				CLANG_ALLOW_NON_MODULAR_INCLUDES_IN_FRAMEWORK_MODULES = YES;
				CLANG_CXX_LANGUAGE_STANDARD = "compiler-default";
				CLANG_CXX_LIBRARY = "compiler-default";
				CLANG_ENABLE_OBJC_WEAK = YES;
				CODE_SIGN_IDENTITY = "iPhone Developer";
				CODE_SIGN_STYLE = Automatic;
				DEVELOPMENT_TEAM = "";
				ENABLE_BITCODE = NO;
				FRAMEWORK_SEARCH_PATHS = (
					"$(inherited)",
					"$(PROJECT_DIR)",
				);
				GCC_PRECOMPILE_PREFIX_HEADER = YES;
				GCC_PREFIX_HEADER = "$(SRCROOT)/ShowLive.pch";
				HEADER_SEARCH_PATHS = (
					"$(inherited)",
					"\"${PODS_ROOT}/Headers/Public\"",
					"\"${PODS_ROOT}/Headers/Public/AFNetworking\"",
					"\"${PODS_ROOT}/Headers/Public/AliyunOSSiOS\"",
					"\"${PODS_ROOT}/Headers/Public/CoreBitcoin\"",
					"\"${PODS_ROOT}/Headers/Public/DZNEmptyDataSet\"",
					"\"${PODS_ROOT}/Headers/Public/FMDB\"",
					"\"${PODS_ROOT}/Headers/Public/GPUImage\"",
					"\"${PODS_ROOT}/Headers/Public/Geth\"",
					"\"${PODS_ROOT}/Headers/Public/GoogleMaps\"",
					"\"${PODS_ROOT}/Headers/Public/GooglePlacePicker\"",
					"\"${PODS_ROOT}/Headers/Public/GooglePlaces\"",
					"\"${PODS_ROOT}/Headers/Public/IQKeyboardManager\"",
					"\"${PODS_ROOT}/Headers/Public/ISO8601DateFormatter\"",
					"\"${PODS_ROOT}/Headers/Public/JPush\"",
					"\"${PODS_ROOT}/Headers/Public/JSONModel\"",
					"\"${PODS_ROOT}/Headers/Public/MBProgressHUD\"",
					"\"${PODS_ROOT}/Headers/Public/MJExtension\"",
					"\"${PODS_ROOT}/Headers/Public/MJRefresh\"",
					"\"${PODS_ROOT}/Headers/Public/Mantle\"",
					"\"${PODS_ROOT}/Headers/Public/Masonry\"",
					"\"${PODS_ROOT}/Headers/Public/NJKWebViewProgress\"",
					"\"${PODS_ROOT}/Headers/Public/OpenSSL-Universal\"",
					"\"${PODS_ROOT}/Headers/Public/OpenSSL-for-iOS\"",
					"\"${PODS_ROOT}/Headers/Public/ReactiveCocoa\"",
					"\"${PODS_ROOT}/Headers/Public/RongCloudIM\"",
					"\"${PODS_ROOT}/Headers/Public/SDWebImage\"",
					"\"${PODS_ROOT}/Headers/Public/SQLCipher\"",
					"\"${PODS_ROOT}/Headers/Public/SSZipArchive\"",
					"\"${PODS_ROOT}/Headers/Public/SafeKit\"",
					"\"${PODS_ROOT}/Headers/Public/TZImagePickerController\"",
					"\"${PODS_ROOT}/Headers/Public/UMCAnalytics\"",
					"\"${PODS_ROOT}/Headers/Public/UMCCommon\"",
					"\"${PODS_ROOT}/Headers/Public/UMCShare\"",
					"\"${PODS_ROOT}/Headers/Public/YYCache\"",
					"\"${PODS_ROOT}/Headers/Public/YYImage\"",
					"\"${PODS_ROOT}/Headers/Public/YYText\"",
					"\"${PODS_ROOT}/Headers/Public/YYWebImage\"",
					"\"${PODS_ROOT}/Headers/Public/ZDISO8601DateFormatter\"",
					"\"$(SRCROOT)/ShowLive/Vendor/MedioSDK/include\"",
				);
				INFOPLIST_FILE = "$(SRCROOT)/info.plist";
				IPHONEOS_DEPLOYMENT_TARGET = 9.0;
				LD_RUNPATH_SEARCH_PATHS = "$(inherited) @executable_path/Frameworks";
				LIBRARY_SEARCH_PATHS = (
					"$(inherited)",
					"$(PROJECT_DIR)/ShowLive/Vendor/MedioSDK/lib",
				);
				ONLY_ACTIVE_ARCH = YES;
				PRODUCT_BUNDLE_IDENTIFIER = "show-loveu";
				PRODUCT_NAME = "$(TARGET_NAME)";
				PROVISIONING_PROFILE_SPECIFIER = "";
				TARGETED_DEVICE_FAMILY = "1,2";
			};
			name = Debug;
		};
		72FE9B8420621F59008DD3D5 /* Release */ = {
			isa = XCBuildConfiguration;
			baseConfigurationReference = AA2350AAA436CDCBB1E93DCE /* Pods-ShowLive.release.xcconfig */;
			buildSettings = {
				ASSETCATALOG_COMPILER_APPICON_NAME = AppIcon;
				CLANG_ALLOW_NON_MODULAR_INCLUDES_IN_FRAMEWORK_MODULES = YES;
				CLANG_CXX_LANGUAGE_STANDARD = "compiler-default";
				CLANG_CXX_LIBRARY = "compiler-default";
				CLANG_ENABLE_OBJC_WEAK = YES;
				CODE_SIGN_IDENTITY = "iPhone Developer";
				CODE_SIGN_STYLE = Automatic;
				DEVELOPMENT_TEAM = "";
				ENABLE_BITCODE = NO;
				FRAMEWORK_SEARCH_PATHS = (
					"$(inherited)",
					"$(PROJECT_DIR)",
				);
				GCC_PRECOMPILE_PREFIX_HEADER = YES;
				GCC_PREFIX_HEADER = "$(SRCROOT)/ShowLive.pch";
				HEADER_SEARCH_PATHS = (
					"$(inherited)",
					"\"${PODS_ROOT}/Headers/Public\"",
					"\"${PODS_ROOT}/Headers/Public/AFNetworking\"",
					"\"${PODS_ROOT}/Headers/Public/AliyunOSSiOS\"",
					"\"${PODS_ROOT}/Headers/Public/CoreBitcoin\"",
					"\"${PODS_ROOT}/Headers/Public/DZNEmptyDataSet\"",
					"\"${PODS_ROOT}/Headers/Public/FMDB\"",
					"\"${PODS_ROOT}/Headers/Public/GPUImage\"",
					"\"${PODS_ROOT}/Headers/Public/Geth\"",
					"\"${PODS_ROOT}/Headers/Public/GoogleMaps\"",
					"\"${PODS_ROOT}/Headers/Public/GooglePlacePicker\"",
					"\"${PODS_ROOT}/Headers/Public/GooglePlaces\"",
					"\"${PODS_ROOT}/Headers/Public/IQKeyboardManager\"",
					"\"${PODS_ROOT}/Headers/Public/ISO8601DateFormatter\"",
					"\"${PODS_ROOT}/Headers/Public/JPush\"",
					"\"${PODS_ROOT}/Headers/Public/JSONModel\"",
					"\"${PODS_ROOT}/Headers/Public/MBProgressHUD\"",
					"\"${PODS_ROOT}/Headers/Public/MJExtension\"",
					"\"${PODS_ROOT}/Headers/Public/MJRefresh\"",
					"\"${PODS_ROOT}/Headers/Public/Mantle\"",
					"\"${PODS_ROOT}/Headers/Public/Masonry\"",
					"\"${PODS_ROOT}/Headers/Public/NJKWebViewProgress\"",
					"\"${PODS_ROOT}/Headers/Public/OpenSSL-Universal\"",
					"\"${PODS_ROOT}/Headers/Public/OpenSSL-for-iOS\"",
					"\"${PODS_ROOT}/Headers/Public/ReactiveCocoa\"",
					"\"${PODS_ROOT}/Headers/Public/RongCloudIM\"",
					"\"${PODS_ROOT}/Headers/Public/SDWebImage\"",
					"\"${PODS_ROOT}/Headers/Public/SQLCipher\"",
					"\"${PODS_ROOT}/Headers/Public/SSZipArchive\"",
					"\"${PODS_ROOT}/Headers/Public/SafeKit\"",
					"\"${PODS_ROOT}/Headers/Public/TZImagePickerController\"",
					"\"${PODS_ROOT}/Headers/Public/UMCAnalytics\"",
					"\"${PODS_ROOT}/Headers/Public/UMCCommon\"",
					"\"${PODS_ROOT}/Headers/Public/UMCShare\"",
					"\"${PODS_ROOT}/Headers/Public/YYCache\"",
					"\"${PODS_ROOT}/Headers/Public/YYImage\"",
					"\"${PODS_ROOT}/Headers/Public/YYText\"",
					"\"${PODS_ROOT}/Headers/Public/YYWebImage\"",
					"\"${PODS_ROOT}/Headers/Public/ZDISO8601DateFormatter\"",
					"\"$(SRCROOT)/ShowLive/Vendor/MedioSDK/include\"",
				);
				INFOPLIST_FILE = "$(SRCROOT)/info.plist";
				IPHONEOS_DEPLOYMENT_TARGET = 9.0;
				LD_RUNPATH_SEARCH_PATHS = "$(inherited) @executable_path/Frameworks";
				LIBRARY_SEARCH_PATHS = (
					"$(inherited)",
					"$(PROJECT_DIR)/ShowLive/Vendor/MedioSDK/lib",
				);
				ONLY_ACTIVE_ARCH = NO;
				PRODUCT_BUNDLE_IDENTIFIER = "show-loveu";
				PRODUCT_NAME = "$(TARGET_NAME)";
				PROVISIONING_PROFILE_SPECIFIER = "";
				TARGETED_DEVICE_FAMILY = "1,2";
			};
			name = Release;
		};
		72FE9B8620621F59008DD3D5 /* Debug */ = {
			isa = XCBuildConfiguration;
			buildSettings = {
				BUNDLE_LOADER = "$(TEST_HOST)";
				CODE_SIGN_STYLE = Automatic;
				INFOPLIST_FILE = ShowLiveTests/Info.plist;
				LD_RUNPATH_SEARCH_PATHS = "$(inherited) @executable_path/Frameworks @loader_path/Frameworks";
				PRODUCT_BUNDLE_IDENTIFIER = SHOW.ShowLiveTests;
				PRODUCT_NAME = "$(TARGET_NAME)";
				TARGETED_DEVICE_FAMILY = "1,2";
				TEST_HOST = "$(BUILT_PRODUCTS_DIR)/ShowLive.app/ShowLive";
			};
			name = Debug;
		};
		72FE9B8720621F59008DD3D5 /* Release */ = {
			isa = XCBuildConfiguration;
			buildSettings = {
				BUNDLE_LOADER = "$(TEST_HOST)";
				CODE_SIGN_STYLE = Automatic;
				INFOPLIST_FILE = ShowLiveTests/Info.plist;
				LD_RUNPATH_SEARCH_PATHS = "$(inherited) @executable_path/Frameworks @loader_path/Frameworks";
				PRODUCT_BUNDLE_IDENTIFIER = SHOW.ShowLiveTests;
				PRODUCT_NAME = "$(TARGET_NAME)";
				TARGETED_DEVICE_FAMILY = "1,2";
				TEST_HOST = "$(BUILT_PRODUCTS_DIR)/ShowLive.app/ShowLive";
			};
			name = Release;
		};
		72FE9B8920621F59008DD3D5 /* Debug */ = {
			isa = XCBuildConfiguration;
			buildSettings = {
				CODE_SIGN_STYLE = Automatic;
				INFOPLIST_FILE = ShowLiveUITests/Info.plist;
				LD_RUNPATH_SEARCH_PATHS = "$(inherited) @executable_path/Frameworks @loader_path/Frameworks";
				PRODUCT_BUNDLE_IDENTIFIER = SHOW.ShowLiveUITests;
				PRODUCT_NAME = "$(TARGET_NAME)";
				TARGETED_DEVICE_FAMILY = "1,2";
				TEST_TARGET_NAME = ShowLive;
			};
			name = Debug;
		};
		72FE9B8A20621F59008DD3D5 /* Release */ = {
			isa = XCBuildConfiguration;
			buildSettings = {
				CODE_SIGN_STYLE = Automatic;
				INFOPLIST_FILE = ShowLiveUITests/Info.plist;
				LD_RUNPATH_SEARCH_PATHS = "$(inherited) @executable_path/Frameworks @loader_path/Frameworks";
				PRODUCT_BUNDLE_IDENTIFIER = SHOW.ShowLiveUITests;
				PRODUCT_NAME = "$(TARGET_NAME)";
				TARGETED_DEVICE_FAMILY = "1,2";
				TEST_TARGET_NAME = ShowLive;
			};
			name = Release;
		};
/* End XCBuildConfiguration section */

/* Begin XCConfigurationList section */
		72FE9B5120621F59008DD3D5 /* Build configuration list for PBXProject "ShowLive" */ = {
			isa = XCConfigurationList;
			buildConfigurations = (
				72FE9B8020621F59008DD3D5 /* Debug */,
				72FE9B8120621F59008DD3D5 /* Release */,
			);
			defaultConfigurationIsVisible = 0;
			defaultConfigurationName = Release;
		};
		72FE9B8220621F59008DD3D5 /* Build configuration list for PBXNativeTarget "ShowLive" */ = {
			isa = XCConfigurationList;
			buildConfigurations = (
				72FE9B8320621F59008DD3D5 /* Debug */,
				72FE9B8420621F59008DD3D5 /* Release */,
			);
			defaultConfigurationIsVisible = 0;
			defaultConfigurationName = Release;
		};
		72FE9B8520621F59008DD3D5 /* Build configuration list for PBXNativeTarget "ShowLiveTests" */ = {
			isa = XCConfigurationList;
			buildConfigurations = (
				72FE9B8620621F59008DD3D5 /* Debug */,
				72FE9B8720621F59008DD3D5 /* Release */,
			);
			defaultConfigurationIsVisible = 0;
			defaultConfigurationName = Release;
		};
		72FE9B8820621F59008DD3D5 /* Build configuration list for PBXNativeTarget "ShowLiveUITests" */ = {
			isa = XCConfigurationList;
			buildConfigurations = (
				72FE9B8920621F59008DD3D5 /* Debug */,
				72FE9B8A20621F59008DD3D5 /* Release */,
			);
			defaultConfigurationIsVisible = 0;
			defaultConfigurationName = Release;
		};
/* End XCConfigurationList section */
	};
	rootObject = 72FE9B4E20621F59008DD3D5 /* Project object */;
}
